
Microsoft Visual Studio Solution File, Format Version 12.00
# Visual Studio Version 17
VisualStudioVersion = 17.1.32421.90
MinimumVisualStudioVersion = 10.0.40219.1
Project("{FAE04EC0-301F-11D3-BF4B-00C04F79EFBC}") = "ProductCatalogue", "ProductCatalogue\ProductCatalogue.csproj", "{A987187E-7D92-4278-BB15-EF9C7CB42BD6}"
EndProject
Global
	GlobalSection(SolutionConfigurationPlatforms) = preSolution
		Debug|Any CPU = Debug|Any CPU
		Release|Any CPU = Release|Any CPU
	EndGlobalSection
	GlobalSection(ProjectConfigurationPlatforms) = postSolution
		{A987187E-7D92-4278-BB15-EF9C7CB42BD6}.Debug|Any CPU.ActiveCfg = Debug|Any CPU
		{A987187E-7D92-4278-BB15-EF9C7CB42BD6}.Debug|Any CPU.Build.0 = Debug|Any CPU
		{A987187E-7D92-4278-BB15-EF9C7CB42BD6}.Release|Any CPU.ActiveCfg = Release|Any CPU
		{A987187E-7D92-4278-BB15-EF9C7CB42BD6}.Release|Any CPU.Build.0 = Release|Any CPU
	EndGlobalSection
	GlobalSection(SolutionProperties) = preSolution
		HideSolutionNode = FALSE
	EndGlobalSection
	GlobalSection(ExtensibilityGlobals) = postSolution
		SolutionGuid = {9133A1AE-926A-421D-A95E-299625EA2236}
	EndGlobalSection
EndGlobal
